
Microsoft Visual Studio Solution File, Format Version 12.00
# Visual Studio Version 17
VisualStudioVersion = 17.3.32825.248
MinimumVisualStudioVersion = 10.0.40219.1
Project("{FAE04EC0-301F-11D3-BF4B-00C04F79EFBC}") = "TxEditor", "TxEditor\TxEditor.csproj", "{136BBF63-52AB-4ED9-B504-624FF86BD490}"
EndProject
Global
	GlobalSection(SolutionConfigurationPlatforms) = preSolution
		Debug|Any CPU = Debug|Any CPU
		Release|Any CPU = Release|Any CPU
	EndGlobalSection
	GlobalSection(ProjectConfigurationPlatforms) = postSolution
		{136BBF63-52AB-4ED9-B504-624FF86BD490}.Debug|Any CPU.ActiveCfg = Debug|Any CPU
		{136BBF63-52AB-4ED9-B504-624FF86BD490}.Debug|Any CPU.Build.0 = Debug|Any CPU
		{136BBF63-52AB-4ED9-B504-624FF86BD490}.Release|Any CPU.ActiveCfg = Release|Any CPU
		{136BBF63-52AB-4ED9-B504-624FF86BD490}.Release|Any CPU.Build.0 = Release|Any CPU
	EndGlobalSection
	GlobalSection(SolutionProperties) = preSolution
		HideSolutionNode = FALSE
	EndGlobalSection
	GlobalSection(ExtensibilityGlobals) = postSolution
		SolutionGuid = {E12B134C-D884-45B7-9FAD-5807B6619E47}
	EndGlobalSection
EndGlobal
